
Microsoft Visual Studio Solution File, Format Version 12.00
# Visual Studio Version 17
VisualStudioVersion = 17.0.31919.166
MinimumVisualStudioVersion = 10.0.40219.1
Project("{9A19103F-16F7-4668-BE54-9A1E7A4F7556}") = "Tweetbook", "Tweetbook\Tweetbook.csproj", "{2C64770D-16EB-4A7B-8FBD-0AB13B5B78B2}"
EndProject
Project("{2150E333-8FDC-42A3-9474-1A3956D46DE8}") = "src", "src", "{D6B0AD90-1078-4ADF-B3EE-B6B8C8445CA3}"
EndProject
Project("{2150E333-8FDC-42A3-9474-1A3956D46DE8}") = "tests", "tests", "{16729ACF-F98B-46B4-8DB7-8FF5E0558BAE}"
EndProject
Project("{9A19103F-16F7-4668-BE54-9A1E7A4F7556}") = "Tweetbook.IntegrationTests", "Tweetbook.IntegrationTests\Tweetbook.IntegrationTests.csproj", "{A38651F1-938D-4968-BE0C-B36FCC43F798}"
EndProject
Project("{9A19103F-16F7-4668-BE54-9A1E7A4F7556}") = "Tweetbook.Sdk", "Tweetbook.Sdk\Tweetbook.Sdk.csproj", "{24B375E7-B70F-4D38-910A-EFEFE328713C}"
EndProject
Project("{9A19103F-16F7-4668-BE54-9A1E7A4F7556}") = "Tweetbook.Contracts", "Tweetbook.Contracts\Tweetbook.Contracts.csproj", "{564FA34F-3168-46CF-912C-7E843DDE446C}"
EndProject
Project("{9A19103F-16F7-4668-BE54-9A1E7A4F7556}") = "Tweetbook.BusinessLogic", "Tweetbook.BusinessLogic\Tweetbook.BusinessLogic.csproj", "{B396DCEE-2DF0-497D-AB69-B7C3FC7CE110}"
EndProject
Project("{9A19103F-16F7-4668-BE54-9A1E7A4F7556}") = "Tweetbook.Web", "Tweetbook.Web\Tweetbook.Web.csproj", "{DFB5E27F-1884-438D-83C2-AB28C22EE832}"
EndProject
Project("{FAE04EC0-301F-11D3-BF4B-00C04F79EFBC}") = "Tweetbook.UnitTests", "Tweetbook.UnitTests\Tweetbook.UnitTests.csproj", "{6473B237-0801-45C3-AB42-8C56259BDB03}"
EndProject
Global
	GlobalSection(SolutionConfigurationPlatforms) = preSolution
		Debug|Any CPU = Debug|Any CPU
		Release|Any CPU = Release|Any CPU
	EndGlobalSection
	GlobalSection(ProjectConfigurationPlatforms) = postSolution
		{2C64770D-16EB-4A7B-8FBD-0AB13B5B78B2}.Debug|Any CPU.ActiveCfg = Debug|Any CPU
		{2C64770D-16EB-4A7B-8FBD-0AB13B5B78B2}.Debug|Any CPU.Build.0 = Debug|Any CPU
		{2C64770D-16EB-4A7B-8FBD-0AB13B5B78B2}.Release|Any CPU.ActiveCfg = Release|Any CPU
		{2C64770D-16EB-4A7B-8FBD-0AB13B5B78B2}.Release|Any CPU.Build.0 = Release|Any CPU
		{A38651F1-938D-4968-BE0C-B36FCC43F798}.Debug|Any CPU.ActiveCfg = Debug|Any CPU
		{A38651F1-938D-4968-BE0C-B36FCC43F798}.Debug|Any CPU.Build.0 = Debug|Any CPU
		{A38651F1-938D-4968-BE0C-B36FCC43F798}.Release|Any CPU.ActiveCfg = Release|Any CPU
		{A38651F1-938D-4968-BE0C-B36FCC43F798}.Release|Any CPU.Build.0 = Release|Any CPU
		{24B375E7-B70F-4D38-910A-EFEFE328713C}.Debug|Any CPU.ActiveCfg = Debug|Any CPU
		{24B375E7-B70F-4D38-910A-EFEFE328713C}.Debug|Any CPU.Build.0 = Debug|Any CPU
		{24B375E7-B70F-4D38-910A-EFEFE328713C}.Release|Any CPU.ActiveCfg = Release|Any CPU
		{24B375E7-B70F-4D38-910A-EFEFE328713C}.Release|Any CPU.Build.0 = Release|Any CPU
		{564FA34F-3168-46CF-912C-7E843DDE446C}.Debug|Any CPU.ActiveCfg = Debug|Any CPU
		{564FA34F-3168-46CF-912C-7E843DDE446C}.Debug|Any CPU.Build.0 = Debug|Any CPU
		{564FA34F-3168-46CF-912C-7E843DDE446C}.Release|Any CPU.ActiveCfg = Release|Any CPU
		{564FA34F-3168-46CF-912C-7E843DDE446C}.Release|Any CPU.Build.0 = Release|Any CPU
		{B396DCEE-2DF0-497D-AB69-B7C3FC7CE110}.Debug|Any CPU.ActiveCfg = Debug|Any CPU
		{B396DCEE-2DF0-497D-AB69-B7C3FC7CE110}.Debug|Any CPU.Build.0 = Debug|Any CPU
		{B396DCEE-2DF0-497D-AB69-B7C3FC7CE110}.Release|Any CPU.ActiveCfg = Release|Any CPU
		{B396DCEE-2DF0-497D-AB69-B7C3FC7CE110}.Release|Any CPU.Build.0 = Release|Any CPU
		{DFB5E27F-1884-438D-83C2-AB28C22EE832}.Debug|Any CPU.ActiveCfg = Debug|Any CPU
		{DFB5E27F-1884-438D-83C2-AB28C22EE832}.Debug|Any CPU.Build.0 = Debug|Any CPU
		{DFB5E27F-1884-438D-83C2-AB28C22EE832}.Release|Any CPU.ActiveCfg = Release|Any CPU
		{DFB5E27F-1884-438D-83C2-AB28C22EE832}.Release|Any CPU.Build.0 = Release|Any CPU
		{6473B237-0801-45C3-AB42-8C56259BDB03}.Debug|Any CPU.ActiveCfg = Debug|Any CPU
		{6473B237-0801-45C3-AB42-8C56259BDB03}.Debug|Any CPU.Build.0 = Debug|Any CPU
		{6473B237-0801-45C3-AB42-8C56259BDB03}.Release|Any CPU.ActiveCfg = Release|Any CPU
		{6473B237-0801-45C3-AB42-8C56259BDB03}.Release|Any CPU.Build.0 = Release|Any CPU
	EndGlobalSection
	GlobalSection(SolutionProperties) = preSolution
		HideSolutionNode = FALSE
	EndGlobalSection
	GlobalSection(NestedProjects) = preSolution
		{2C64770D-16EB-4A7B-8FBD-0AB13B5B78B2} = {D6B0AD90-1078-4ADF-B3EE-B6B8C8445CA3}
		{A38651F1-938D-4968-BE0C-B36FCC43F798} = {16729ACF-F98B-46B4-8DB7-8FF5E0558BAE}
		{24B375E7-B70F-4D38-910A-EFEFE328713C} = {D6B0AD90-1078-4ADF-B3EE-B6B8C8445CA3}
		{564FA34F-3168-46CF-912C-7E843DDE446C} = {D6B0AD90-1078-4ADF-B3EE-B6B8C8445CA3}
		{B396DCEE-2DF0-497D-AB69-B7C3FC7CE110} = {D6B0AD90-1078-4ADF-B3EE-B6B8C8445CA3}
		{DFB5E27F-1884-438D-83C2-AB28C22EE832} = {D6B0AD90-1078-4ADF-B3EE-B6B8C8445CA3}
		{6473B237-0801-45C3-AB42-8C56259BDB03} = {16729ACF-F98B-46B4-8DB7-8FF5E0558BAE}
	EndGlobalSection
	GlobalSection(ExtensibilityGlobals) = postSolution
		SolutionGuid = {DBE85DEC-B374-41B0-9948-C4A02E77B715}
	EndGlobalSection
EndGlobal
